{
  "name": "star-unit",
  "version": "1.0.0",
  "lockfileVersion": 3,
  "requires": true,
  "packages": {
    "": {
      "name": "star-unit",
      "version": "1.0.0",
      "license": "ISC",
      "devDependencies": {
        "@star-unit/js": "^1.0.0"
      }
    },
    "node_modules/@star-unit/js": {
      "version": "1.0.0",
      "resolved": "https://registry.npmjs.org/@star-unit/js/-/js-1.0.0.tgz",
      "integrity": "sha512-TtFtPOnPXN9lGz1NnxC0nqlI+290+mgLBY9Kn0NgQN7ozxSsBcGdYJRl2Sd7N4QU50ISpu0XMZ1TEl/t3NJT4w==",
      "dev": true,
      "license": "ISC"
    }
  }
}
