{
  "name": "star-unit",
  "version": "1.0.0",
  "lockfileVersion": 3,
  "requires": true,
  "packages": {
    "": {
      "name": "star-unit",
      "version": "1.0.0",
      "license": "ISC",
      "devDependencies": {
        "@star-unit/js": "^1.0.3"
      }
    },
    "node_modules/@star-unit/js": {
      "version": "1.0.3",
      "resolved": "https://registry.npmjs.org/@star-unit/js/-/js-1.0.3.tgz",
      "integrity": "sha512-fnJoWgjvT6+HU+dTDQgcp9OpJyyPZT9Voaf07WaEdn3Ssf/IiQJVCnuuYZQUaMUO2XaUMY7Jzef3UgGXwMTDXg==",
      "dev": true,
      "license": "ISC",
      "bin": {
        "suj": "cli.js"
      }
    }
  }
}
