{
  "name": "star-unit",
  "version": "1.0.0",
  "lockfileVersion": 3,
  "requires": true,
  "packages": {
    "": {
      "name": "star-unit",
      "version": "1.0.0",
      "license": "ISC",
      "devDependencies": {
        "@star-unit/js": "^1.0.4"
      }
    },
    "node_modules/@star-unit/js": {
      "version": "1.0.4",
      "resolved": "https://registry.npmjs.org/@star-unit/js/-/js-1.0.4.tgz",
      "integrity": "sha512-aZRacFkc1HAUK1PfsB7Yuw0RFLTvW1BtK343Dk0lenmojv8cLFKWNZlqMp03hhKg7oQ5JXJaFi0drwfdeLBhPg==",
      "dev": true,
      "license": "ISC",
      "bin": {
        "suj": "src/cli.js"
      }
    }
  }
}
